
Microsoft Visual Studio Solution File, Format Version 12.00
# Visual Studio Version 17
VisualStudioVersion = 17.6.33712.159
MinimumVisualStudioVersion = 10.0.40219.1
Project("{FAE04EC0-301F-11D3-BF4B-00C04F79EFBC}") = "demoExam", "demoExam\demoExam.csproj", "{DDA5F0E0-369B-4615-81AA-7DC8CCFA01CA}"
EndProject
Global
	GlobalSection(SolutionConfigurationPlatforms) = preSolution
		Debug|Any CPU = Debug|Any CPU
		Release|Any CPU = Release|Any CPU
	EndGlobalSection
	GlobalSection(ProjectConfigurationPlatforms) = postSolution
		{DDA5F0E0-369B-4615-81AA-7DC8CCFA01CA}.Debug|Any CPU.ActiveCfg = Debug|Any CPU
		{DDA5F0E0-369B-4615-81AA-7DC8CCFA01CA}.Debug|Any CPU.Build.0 = Debug|Any CPU
		{DDA5F0E0-369B-4615-81AA-7DC8CCFA01CA}.Release|Any CPU.ActiveCfg = Release|Any CPU
		{DDA5F0E0-369B-4615-81AA-7DC8CCFA01CA}.Release|Any CPU.Build.0 = Release|Any CPU
	EndGlobalSection
	GlobalSection(SolutionProperties) = preSolution
		HideSolutionNode = FALSE
	EndGlobalSection
	GlobalSection(ExtensibilityGlobals) = postSolution
		SolutionGuid = {9C331EB6-615E-40E5-91BF-DC82F2A5D4AF}
	EndGlobalSection
EndGlobal
